
Microsoft Visual Studio Solution File, Format Version 12.00
# Visual Studio 15
VisualStudioVersion = 15.0.28307.489
MinimumVisualStudioVersion = 10.0.40219.1
Project("{9A19103F-16F7-4668-BE54-9A1E7A4F7556}") = "ServiceHost.MessagePublisher", "ServiceHost.MessagePublisher\ServiceHost.MessagePublisher.csproj", "{9CD3A931-6840-4D2A-8F2E-953ED5D69F9D}"
EndProject
Project("{9A19103F-16F7-4668-BE54-9A1E7A4F7556}") = "HostedService.Interfaces", "HostedService.Interfaces\HostedService.Interfaces.csproj", "{B7E1F0BC-485B-4D44-A911-C0C369088247}"
EndProject
Project("{9A19103F-16F7-4668-BE54-9A1E7A4F7556}") = "Model.PubSub", "Model.PubSub\Model.PubSub.csproj", "{FAF05792-6114-4FC8-9303-F5FD247E424D}"
EndProject
Project("{9A19103F-16F7-4668-BE54-9A1E7A4F7556}") = "Data.MessageSource.Interfaces", "Data.MessageSource.Interfaces\Data.MessageSource.Interfaces.csproj", "{6B7F4783-18A8-4002-B88F-4338C4FBCC74}"
EndProject
Project("{9A19103F-16F7-4668-BE54-9A1E7A4F7556}") = "Model.Message.SampleTopic", "Model.Message.SampleTopic\Model.Message.SampleTopic.csproj", "{FCC1E346-AFE5-452B-8236-5E686369BB3A}"
EndProject
Project("{9A19103F-16F7-4668-BE54-9A1E7A4F7556}") = "Service.MessagePublisher", "Service.MessagePublisher\Service.MessagePublisher.csproj", "{77C4F87B-0479-40D9-84BC-3A99BC593281}"
EndProject
Project("{9A19103F-16F7-4668-BE54-9A1E7A4F7556}") = "ServiceHost.MessageSubscriber", "ServiceHost.MessageSubscriber\ServiceHost.MessageSubscriber.csproj", "{5EA14D74-95BC-4EC7-9E31-04EEE07C2527}"
EndProject
Project("{9A19103F-16F7-4668-BE54-9A1E7A4F7556}") = "ServiceHost.MessageHandler", "ServiceHost.MessageHandler\ServiceHost.MessageHandler.csproj", "{50A60BD3-5940-46C3-8DC9-8F9A64C4C7D5}"
EndProject
Project("{9A19103F-16F7-4668-BE54-9A1E7A4F7556}") = "Data.OutgoingMessageSource.InMemory", "Data.OutgoingMessageSource.InMemory\Data.OutgoingMessageSource.InMemory.csproj", "{C3A572CB-9444-4C7D-914A-9CDE3DBBA032}"
EndProject
Project("{9A19103F-16F7-4668-BE54-9A1E7A4F7556}") = "Data.OutgoingMessageSink.ServiceBus", "Data.OutgoingMessageSink.ServiceBus\Data.OutgoingMessageSink.ServiceBus.csproj", "{971FE90D-8247-400D-A3F1-516978358D26}"
EndProject
Project("{9A19103F-16F7-4668-BE54-9A1E7A4F7556}") = "Data.OutgoingMessageSink.Log", "Data.OutgoingMessageSink.Log\Data.OutgoingMessageSink.Log.csproj", "{95EC36AF-A60E-4BF3-83D1-799B08201C38}"
EndProject
Project("{9A19103F-16F7-4668-BE54-9A1E7A4F7556}") = "Data.OutgoingMessageSink.Interfaces", "Data.OutgoingMessageSink.Interfaces\Data.OutgoingMessageSink.Interfaces.csproj", "{AD79234E-66AD-4EDA-8E2E-3AEBBD800A78}"
EndProject
Project("{FAE04EC0-301F-11D3-BF4B-00C04F79EFBC}") = "Data.OutgoingMessageSource.Json", "Data.OutgoingMessageSource.Json\Data.OutgoingMessageSource.Json.csproj", "{498B0086-5C17-4DBC-B351-2D5D17A8072C}"
EndProject
Project("{FAE04EC0-301F-11D3-BF4B-00C04F79EFBC}") = "Data.IncomingMessageSink.Interfaces", "Data.IncomingMessageSink.Interfaces\Data.IncomingMessageSink.Interfaces.csproj", "{C8C76291-80FE-499B-9D8E-4C3497D319BF}"
EndProject
Project("{FAE04EC0-301F-11D3-BF4B-00C04F79EFBC}") = "Data.IncomingMessageSink.Log", "Data.IncomingMessageSink.Log\Data.IncomingMessageSink.Log.csproj", "{E17B38C3-CC67-4C8E-8036-6F47736421A3}"
EndProject
Project("{FAE04EC0-301F-11D3-BF4B-00C04F79EFBC}") = "Data.IncomingMessageSink.Db", "Data.IncomingMessageSink.Db\Data.IncomingMessageSink.Db.csproj", "{B69F778C-5382-4378-B6AC-5EFB9F7A1ECF}"
EndProject
Project("{FAE04EC0-301F-11D3-BF4B-00C04F79EFBC}") = "Data.IncomingMessageSource.Json", "Data.IncomingMessageSource.Json\Data.IncomingMessageSource.Json.csproj", "{DCAF1C73-9965-441F-BEEC-718B4F07CC87}"
EndProject
Project("{FAE04EC0-301F-11D3-BF4B-00C04F79EFBC}") = "Data.IncomingMessageSource.ServiceBus", "Data.IncomingMessageSource.ServiceBus\Data.IncomingMessageSource.ServiceBus.csproj", "{535F178F-D091-49F2-87CE-D7EA25C41177}"
EndProject
Project("{FAE04EC0-301F-11D3-BF4B-00C04F79EFBC}") = "Service.MessageSubscriber", "Service.MessageSubscriber\Service.MessageSubscriber.csproj", "{14034122-5D5C-416C-88EE-DBBA5DA4AF3B}"
EndProject
Project("{FAE04EC0-301F-11D3-BF4B-00C04F79EFBC}") = "Service.MessageHandler", "Service.MessageHandler\Service.MessageHandler.csproj", "{FF74645C-9EAE-4415-813F-55EE998AA9CC}"
EndProject
Global
	GlobalSection(SolutionConfigurationPlatforms) = preSolution
		Debug|Any CPU = Debug|Any CPU
		Release|Any CPU = Release|Any CPU
	EndGlobalSection
	GlobalSection(ProjectConfigurationPlatforms) = postSolution
		{9CD3A931-6840-4D2A-8F2E-953ED5D69F9D}.Debug|Any CPU.ActiveCfg = Debug|Any CPU
		{9CD3A931-6840-4D2A-8F2E-953ED5D69F9D}.Debug|Any CPU.Build.0 = Debug|Any CPU
		{9CD3A931-6840-4D2A-8F2E-953ED5D69F9D}.Release|Any CPU.ActiveCfg = Release|Any CPU
		{9CD3A931-6840-4D2A-8F2E-953ED5D69F9D}.Release|Any CPU.Build.0 = Release|Any CPU
		{B7E1F0BC-485B-4D44-A911-C0C369088247}.Debug|Any CPU.ActiveCfg = Debug|Any CPU
		{B7E1F0BC-485B-4D44-A911-C0C369088247}.Debug|Any CPU.Build.0 = Debug|Any CPU
		{B7E1F0BC-485B-4D44-A911-C0C369088247}.Release|Any CPU.ActiveCfg = Release|Any CPU
		{B7E1F0BC-485B-4D44-A911-C0C369088247}.Release|Any CPU.Build.0 = Release|Any CPU
		{FAF05792-6114-4FC8-9303-F5FD247E424D}.Debug|Any CPU.ActiveCfg = Debug|Any CPU
		{FAF05792-6114-4FC8-9303-F5FD247E424D}.Debug|Any CPU.Build.0 = Debug|Any CPU
		{FAF05792-6114-4FC8-9303-F5FD247E424D}.Release|Any CPU.ActiveCfg = Release|Any CPU
		{FAF05792-6114-4FC8-9303-F5FD247E424D}.Release|Any CPU.Build.0 = Release|Any CPU
		{6B7F4783-18A8-4002-B88F-4338C4FBCC74}.Debug|Any CPU.ActiveCfg = Debug|Any CPU
		{6B7F4783-18A8-4002-B88F-4338C4FBCC74}.Debug|Any CPU.Build.0 = Debug|Any CPU
		{6B7F4783-18A8-4002-B88F-4338C4FBCC74}.Release|Any CPU.ActiveCfg = Release|Any CPU
		{6B7F4783-18A8-4002-B88F-4338C4FBCC74}.Release|Any CPU.Build.0 = Release|Any CPU
		{FCC1E346-AFE5-452B-8236-5E686369BB3A}.Debug|Any CPU.ActiveCfg = Debug|Any CPU
		{FCC1E346-AFE5-452B-8236-5E686369BB3A}.Debug|Any CPU.Build.0 = Debug|Any CPU
		{FCC1E346-AFE5-452B-8236-5E686369BB3A}.Release|Any CPU.ActiveCfg = Release|Any CPU
		{FCC1E346-AFE5-452B-8236-5E686369BB3A}.Release|Any CPU.Build.0 = Release|Any CPU
		{77C4F87B-0479-40D9-84BC-3A99BC593281}.Debug|Any CPU.ActiveCfg = Debug|Any CPU
		{77C4F87B-0479-40D9-84BC-3A99BC593281}.Debug|Any CPU.Build.0 = Debug|Any CPU
		{77C4F87B-0479-40D9-84BC-3A99BC593281}.Release|Any CPU.ActiveCfg = Release|Any CPU
		{77C4F87B-0479-40D9-84BC-3A99BC593281}.Release|Any CPU.Build.0 = Release|Any CPU
		{5EA14D74-95BC-4EC7-9E31-04EEE07C2527}.Debug|Any CPU.ActiveCfg = Debug|Any CPU
		{5EA14D74-95BC-4EC7-9E31-04EEE07C2527}.Debug|Any CPU.Build.0 = Debug|Any CPU
		{5EA14D74-95BC-4EC7-9E31-04EEE07C2527}.Release|Any CPU.ActiveCfg = Release|Any CPU
		{5EA14D74-95BC-4EC7-9E31-04EEE07C2527}.Release|Any CPU.Build.0 = Release|Any CPU
		{50A60BD3-5940-46C3-8DC9-8F9A64C4C7D5}.Debug|Any CPU.ActiveCfg = Debug|Any CPU
		{50A60BD3-5940-46C3-8DC9-8F9A64C4C7D5}.Debug|Any CPU.Build.0 = Debug|Any CPU
		{50A60BD3-5940-46C3-8DC9-8F9A64C4C7D5}.Release|Any CPU.ActiveCfg = Release|Any CPU
		{50A60BD3-5940-46C3-8DC9-8F9A64C4C7D5}.Release|Any CPU.Build.0 = Release|Any CPU
		{C3A572CB-9444-4C7D-914A-9CDE3DBBA032}.Debug|Any CPU.ActiveCfg = Debug|Any CPU
		{C3A572CB-9444-4C7D-914A-9CDE3DBBA032}.Debug|Any CPU.Build.0 = Debug|Any CPU
		{C3A572CB-9444-4C7D-914A-9CDE3DBBA032}.Release|Any CPU.ActiveCfg = Release|Any CPU
		{C3A572CB-9444-4C7D-914A-9CDE3DBBA032}.Release|Any CPU.Build.0 = Release|Any CPU
		{971FE90D-8247-400D-A3F1-516978358D26}.Debug|Any CPU.ActiveCfg = Debug|Any CPU
		{971FE90D-8247-400D-A3F1-516978358D26}.Debug|Any CPU.Build.0 = Debug|Any CPU
		{971FE90D-8247-400D-A3F1-516978358D26}.Release|Any CPU.ActiveCfg = Release|Any CPU
		{971FE90D-8247-400D-A3F1-516978358D26}.Release|Any CPU.Build.0 = Release|Any CPU
		{95EC36AF-A60E-4BF3-83D1-799B08201C38}.Debug|Any CPU.ActiveCfg = Debug|Any CPU
		{95EC36AF-A60E-4BF3-83D1-799B08201C38}.Debug|Any CPU.Build.0 = Debug|Any CPU
		{95EC36AF-A60E-4BF3-83D1-799B08201C38}.Release|Any CPU.ActiveCfg = Release|Any CPU
		{95EC36AF-A60E-4BF3-83D1-799B08201C38}.Release|Any CPU.Build.0 = Release|Any CPU
		{AD79234E-66AD-4EDA-8E2E-3AEBBD800A78}.Debug|Any CPU.ActiveCfg = Debug|Any CPU
		{AD79234E-66AD-4EDA-8E2E-3AEBBD800A78}.Debug|Any CPU.Build.0 = Debug|Any CPU
		{AD79234E-66AD-4EDA-8E2E-3AEBBD800A78}.Release|Any CPU.ActiveCfg = Release|Any CPU
		{AD79234E-66AD-4EDA-8E2E-3AEBBD800A78}.Release|Any CPU.Build.0 = Release|Any CPU
		{498B0086-5C17-4DBC-B351-2D5D17A8072C}.Debug|Any CPU.ActiveCfg = Debug|Any CPU
		{498B0086-5C17-4DBC-B351-2D5D17A8072C}.Debug|Any CPU.Build.0 = Debug|Any CPU
		{498B0086-5C17-4DBC-B351-2D5D17A8072C}.Release|Any CPU.ActiveCfg = Release|Any CPU
		{498B0086-5C17-4DBC-B351-2D5D17A8072C}.Release|Any CPU.Build.0 = Release|Any CPU
		{C8C76291-80FE-499B-9D8E-4C3497D319BF}.Debug|Any CPU.ActiveCfg = Debug|Any CPU
		{C8C76291-80FE-499B-9D8E-4C3497D319BF}.Debug|Any CPU.Build.0 = Debug|Any CPU
		{C8C76291-80FE-499B-9D8E-4C3497D319BF}.Release|Any CPU.ActiveCfg = Release|Any CPU
		{C8C76291-80FE-499B-9D8E-4C3497D319BF}.Release|Any CPU.Build.0 = Release|Any CPU
		{E17B38C3-CC67-4C8E-8036-6F47736421A3}.Debug|Any CPU.ActiveCfg = Debug|Any CPU
		{E17B38C3-CC67-4C8E-8036-6F47736421A3}.Debug|Any CPU.Build.0 = Debug|Any CPU
		{E17B38C3-CC67-4C8E-8036-6F47736421A3}.Release|Any CPU.ActiveCfg = Release|Any CPU
		{E17B38C3-CC67-4C8E-8036-6F47736421A3}.Release|Any CPU.Build.0 = Release|Any CPU
		{B69F778C-5382-4378-B6AC-5EFB9F7A1ECF}.Debug|Any CPU.ActiveCfg = Debug|Any CPU
		{B69F778C-5382-4378-B6AC-5EFB9F7A1ECF}.Debug|Any CPU.Build.0 = Debug|Any CPU
		{B69F778C-5382-4378-B6AC-5EFB9F7A1ECF}.Release|Any CPU.ActiveCfg = Release|Any CPU
		{B69F778C-5382-4378-B6AC-5EFB9F7A1ECF}.Release|Any CPU.Build.0 = Release|Any CPU
		{DCAF1C73-9965-441F-BEEC-718B4F07CC87}.Debug|Any CPU.ActiveCfg = Debug|Any CPU
		{DCAF1C73-9965-441F-BEEC-718B4F07CC87}.Debug|Any CPU.Build.0 = Debug|Any CPU
		{DCAF1C73-9965-441F-BEEC-718B4F07CC87}.Release|Any CPU.ActiveCfg = Release|Any CPU
		{DCAF1C73-9965-441F-BEEC-718B4F07CC87}.Release|Any CPU.Build.0 = Release|Any CPU
		{535F178F-D091-49F2-87CE-D7EA25C41177}.Debug|Any CPU.ActiveCfg = Debug|Any CPU
		{535F178F-D091-49F2-87CE-D7EA25C41177}.Debug|Any CPU.Build.0 = Debug|Any CPU
		{535F178F-D091-49F2-87CE-D7EA25C41177}.Release|Any CPU.ActiveCfg = Release|Any CPU
		{535F178F-D091-49F2-87CE-D7EA25C41177}.Release|Any CPU.Build.0 = Release|Any CPU
		{14034122-5D5C-416C-88EE-DBBA5DA4AF3B}.Debug|Any CPU.ActiveCfg = Debug|Any CPU
		{14034122-5D5C-416C-88EE-DBBA5DA4AF3B}.Debug|Any CPU.Build.0 = Debug|Any CPU
		{14034122-5D5C-416C-88EE-DBBA5DA4AF3B}.Release|Any CPU.ActiveCfg = Release|Any CPU
		{14034122-5D5C-416C-88EE-DBBA5DA4AF3B}.Release|Any CPU.Build.0 = Release|Any CPU
		{FF74645C-9EAE-4415-813F-55EE998AA9CC}.Debug|Any CPU.ActiveCfg = Debug|Any CPU
		{FF74645C-9EAE-4415-813F-55EE998AA9CC}.Debug|Any CPU.Build.0 = Debug|Any CPU
		{FF74645C-9EAE-4415-813F-55EE998AA9CC}.Release|Any CPU.ActiveCfg = Release|Any CPU
		{FF74645C-9EAE-4415-813F-55EE998AA9CC}.Release|Any CPU.Build.0 = Release|Any CPU
	EndGlobalSection
	GlobalSection(SolutionProperties) = preSolution
		HideSolutionNode = FALSE
	EndGlobalSection
	GlobalSection(ExtensibilityGlobals) = postSolution
		SolutionGuid = {9B91A27E-790D-4D61-8EBD-4E863BF45F2B}
	EndGlobalSection
EndGlobal
